// !$*UTF8*$!
{
	archiveVersion = 1;
	classes = {
	};
	objectVersion = 46;
	objects = {

/* Begin PBXBuildFile section */
		1CDAEAA41CE07BB70002EE9A /* AppDelegate.swift in Sources */ = {isa = PBXBuildFile; fileRef = 1CDAEAA31CE07BB70002EE9A /* AppDelegate.swift */; };
		1CDAEAA61CE07BB70002EE9A /* ViewController.swift in Sources */ = {isa = PBXBuildFile; fileRef = 1CDAEAA51CE07BB70002EE9A /* ViewController.swift */; };
		1CDAEAA91CE07BB70002EE9A /* Main.storyboard in Resources */ = {isa = PBXBuildFile; fileRef = 1CDAEAA71CE07BB70002EE9A /* Main.storyboard */; };
		1CDAEAAB1CE07BB70002EE9A /* Assets.xcassets in Resources */ = {isa = PBXBuildFile; fileRef = 1CDAEAAA1CE07BB70002EE9A /* Assets.xcassets */; };
		1CDAEAAE1CE07BB70002EE9A /* LaunchScreen.storyboard in Resources */ = {isa = PBXBuildFile; fileRef = 1CDAEAAC1CE07BB70002EE9A /* LaunchScreen.storyboard */; };
		1CDAEAB61CE07C450002EE9A /* AddMenuVC.swift in Sources */ = {isa = PBXBuildFile; fileRef = 1CDAEAB51CE07C450002EE9A /* AddMenuVC.swift */; };
/* End PBXBuildFile section */

/* Begin PBXFileReference section */
		1CDAEAA01CE07BB70002EE9A /* RotationDemo.app */ = {isa = PBXFileReference; explicitFileType = wrapper.application; includeInIndex = 0; path = RotationDemo.app; sourceTree = BUILT_PRODUCTS_DIR; };
		1CDAEAA31CE07BB70002EE9A /* AppDelegate.swift */ = {isa = PBXFileReference; lastKnownFileType = sourcecode.swift; path = AppDelegate.swift; sourceTree = "<group>"; };
		1CDAEAA51CE07BB70002EE9A /* ViewController.swift */ = {isa = PBXFileReference; lastKnownFileType = sourcecode.swift; path = ViewController.swift; sourceTree = "<group>"; };
		1CDAEAA81CE07BB70002EE9A /* Base */ = {isa = PBXFileReference; lastKnownFileType = file.storyboard; name = Base; path = Base.lproj/Main.storyboard; sourceTree = "<group>"; };
		1CDAEAAA1CE07BB70002EE9A /* Assets.xcassets */ = {isa = PBXFileReference; lastKnownFileType = folder.assetcatalog; path = Assets.xcassets; sourceTree = "<group>"; };
		1CDAEAAD1CE07BB70002EE9A /* Base */ = {isa = PBXFileReference; lastKnownFileType = file.storyboard; name = Base; path = Base.lproj/LaunchScreen.storyboard; sourceTree = "<group>"; };
		1CDAEAAF1CE07BB70002EE9A /* Info.plist */ = {isa = PBXFileReference; lastKnownFileType = text.plist.xml; path = Info.plist; sourceTree = "<group>"; };
		1CDAEAB51CE07C450002EE9A /* AddMenuVC.swift */ = {isa = PBXFileReference; fileEncoding = 4; lastKnownFileType = sourcecode.swift; path = AddMenuVC.swift; sourceTree = "<group>"; };
/* End PBXFileReference section */

/* Begin PBXFrameworksBuildPhase section */
		1CDAEA9D1CE07BB70002EE9A /* Frameworks */ = {
			isa = PBXFrameworksBuildPhase;
			buildActionMask = 2147483647;
			files = (
			);
			runOnlyForDeploymentPostprocessing = 0;
		};
/* End PBXFrameworksBuildPhase section */

/* Begin PBXGroup section */
		1CDAEA971CE07BB70002EE9A = {
			isa = PBXGroup;
			children = (
				1CDAEAA21CE07BB70002EE9A /* RotationDemo */,
				1CDAEAA11CE07BB70002EE9A /* Products */,
			);
			sourceTree = "<group>";
		};
		1CDAEAA11CE07BB70002EE9A /* Products */ = {
			isa = PBXGroup;
			children = (
				1CDAEAA01CE07BB70002EE9A /* RotationDemo.app */,
			);
			name = Products;
			sourceTree = "<group>";
		};
		1CDAEAA21CE07BB70002EE9A /* RotationDemo */ = {
			isa = PBXGroup;
			children = (
				1CDAEAA31CE07BB70002EE9A /* AppDelegate.swift */,
				1CDAEAA51CE07BB70002EE9A /* ViewController.swift */,
				1CDAEAB51CE07C450002EE9A /* AddMenuVC.swift */,
				1CDAEAA71CE07BB70002EE9A /* Main.storyboard */,
				1CDAEAAA1CE07BB70002EE9A /* Assets.xcassets */,
				1CDAEAAC1CE07BB70002EE9A /* LaunchScreen.storyboard */,
				1CDAEAAF1CE07BB70002EE9A /* Info.plist */,
			);
			path = RotationDemo;
			sourceTree = "<group>";
		};
/* End PBXGroup section */

/* Begin PBXNativeTarget section */
		1CDAEA9F1CE07BB70002EE9A /* RotationDemo */ = {
			isa = PBXNativeTarget;
			buildConfigurationList = 1CDAEAB21CE07BB70002EE9A /* Build configuration list for PBXNativeTarget "RotationDemo" */;
			buildPhases = (
				1CDAEA9C1CE07BB70002EE9A /* Sources */,
				1CDAEA9D1CE07BB70002EE9A /* Frameworks */,
				1CDAEA9E1CE07BB70002EE9A /* Resources */,
			);
			buildRules = (
			);
			dependencies = (
			);
			name = RotationDemo;
			productName = RotationDemo;
			productReference = 1CDAEAA01CE07BB70002EE9A /* RotationDemo.app */;
			productType = "com.apple.product-type.application";
		};
/* End PBXNativeTarget section */

/* Begin PBXProject section */
		1CDAEA981CE07BB70002EE9A /* Project object */ = {
			isa = PBXProject;
			attributes = {
				LastSwiftUpdateCheck = 0730;
				LastUpgradeCheck = 0730;
				ORGANIZATIONNAME = "Susim Samanta";
				TargetAttributes = {
					1CDAEA9F1CE07BB70002EE9A = {
						CreatedOnToolsVersion = 7.3;
					};
				};
			};
			buildConfigurationList = 1CDAEA9B1CE07BB70002EE9A /* Build configuration list for PBXProject "RotationDemo" */;
			compatibilityVersion = "Xcode 3.2";
			developmentRegion = English;
			hasScannedForEncodings = 0;
			knownRegions = (
				en,
				Base,
			);
			mainGroup = 1CDAEA971CE07BB70002EE9A;
			productRefGroup = 1CDAEAA11CE07BB70002EE9A /* Products */;
			projectDirPath = "";
			projectRoot = "";
			targets = (
				1CDAEA9F1CE07BB70002EE9A /* RotationDemo */,
			);
		};
/* End PBXProject section */

/* Begin PBXResourcesBuildPhase section */
		1CDAEA9E1CE07BB70002EE9A /* Resources */ = {
			isa = PBXResourcesBuildPhase;
			buildActionMask = 2147483647;
			files = (
				1CDAEAAE1CE07BB70002EE9A /* LaunchScreen.storyboard in Resources */,
				1CDAEAAB1CE07BB70002EE9A /* Assets.xcassets in Resources */,
				1CDAEAA91CE07BB70002EE9A /* Main.storyboard in Resources */,
			);
			runOnlyForDeploymentPostprocessing = 0;
		};
/* End PBXResourcesBuildPhase section */

/* Begin PBXSourcesBuildPhase section */
		1CDAEA9C1CE07BB70002EE9A /* Sources */ = {
			isa = PBXSourcesBuildPhase;
			buildActionMask = 2147483647;
			files = (
				1CDAEAA61CE07BB70002EE9A /* ViewController.swift in Sources */,
				1CDAEAB61CE07C450002EE9A /* AddMenuVC.swift in Sources */,
				1CDAEAA41CE07BB70002EE9A /* AppDelegate.swift in Sources */,
			);
			runOnlyForDeploymentPostprocessing = 0;
		};
/* End PBXSourcesBuildPhase section */

/* Begin PBXVariantGroup section */
		1CDAEAA71CE07BB70002EE9A /* Main.storyboard */ = {
			isa = PBXVariantGroup;
			children = (
				1CDAEAA81CE07BB70002EE9A /* Base */,
			);
			name = Main.storyboard;
			sourceTree = "<group>";
		};
		1CDAEAAC1CE07BB70002EE9A /* LaunchScreen.storyboard */ = {
			isa = PBXVariantGroup;
			children = (
				1CDAEAAD1CE07BB70002EE9A /* Base */,
			);
			name = LaunchScreen.storyboard;
			sourceTree = "<group>";
		};
/* End PBXVariantGroup section */

/* Begin XCBuildConfiguration section */
		1CDAEAB01CE07BB70002EE9A /* Debug */ = {
			isa = XCBuildConfiguration;
			buildSettings = {
				ALWAYS_SEARCH_USER_PATHS = NO;
				CLANG_ANALYZER_NONNULL = YES;
				CLANG_CXX_LANGUAGE_STANDARD = "gnu++0x";
				CLANG_CXX_LIBRARY = "libc++";
				CLANG_ENABLE_MODULES = YES;
				CLANG_ENABLE_OBJC_ARC = YES;
				CLANG_WARN_BOOL_CONVERSION = YES;
				CLANG_WARN_CONSTANT_CONVERSION = YES;
				CLANG_WARN_DIRECT_OBJC_ISA_USAGE = YES_ERROR;
				CLANG_WARN_EMPTY_BODY = YES;
				CLANG_WARN_ENUM_CONVERSION = YES;
				CLANG_WARN_INT_CONVERSION = YES;
				CLANG_WARN_OBJC_ROOT_CLASS = YES_ERROR;
				CLANG_WARN_UNREACHABLE_CODE = YES;
				CLANG_WARN__DUPLICATE_METHOD_MATCH = YES;
				"CODE_SIGN_IDENTITY[sdk=iphoneos*]" = "iPhone Developer";
				COPY_PHASE_STRIP = NO;
				DEBUG_INFORMATION_FORMAT = dwarf;
				ENABLE_STRICT_OBJC_MSGSEND = YES;
				ENABLE_TESTABILITY = YES;
				GCC_C_LANGUAGE_STANDARD = gnu99;
				GCC_DYNAMIC_NO_PIC = NO;
				GCC_NO_COMMON_BLOCKS = YES;
				GCC_OPTIMIZATION_LEVEL = 0;
				GCC_PREPROCESSOR_DEFINITIONS = (
					"DEBUG=1",
					"$(inherited)",
				);
				GCC_WARN_64_TO_32_BIT_CONVERSION = YES;
				GCC_WARN_ABOUT_RETURN_TYPE = YES_ERROR;
				GCC_WARN_UNDECLARED_SELECTOR = YES;
				GCC_WARN_UNINITIALIZED_AUTOS = YES_AGGRESSIVE;
				GCC_WARN_UNUSED_FUNCTION = YES;
				GCC_WARN_UNUSED_VARIABLE = YES;
				IPHONEOS_DEPLOYMENT_TARGET = 9.3;
				MTL_ENABLE_DEBUG_INFO = YES;
				ONLY_ACTIVE_ARCH = YES;
				SDKROOT = iphoneos;
				SWIFT_OPTIMIZATION_LEVEL = "-Onone";
				TARGETED_DEVICE_FAMILY = "1,2";
			};
			name = Debug;
		};
		1CDAEAB11CE07BB70002EE9A /* Release */ = {
			isa = XCBuildConfiguration;
			buildSettings = {
				ALWAYS_SEARCH_USER_PATHS = NO;
				CLANG_ANALYZER_NONNULL = YES;
				CLANG_CXX_LANGUAGE_STANDARD = "gnu++0x";
				CLANG_CXX_LIBRARY = "libc++";
				CLANG_ENABLE_MODULES = YES;
				CLANG_ENABLE_OBJC_ARC = YES;
				CLANG_WARN_BOOL_CONVERSION = YES;
				CLANG_WARN_CONSTANT_CONVERSION = YES;
				CLANG_WARN_DIRECT_OBJC_ISA_USAGE = YES_ERROR;
				CLANG_WARN_EMPTY_BODY = YES;
				CLANG_WARN_ENUM_CONVERSION = YES;
				CLANG_WARN_INT_CONVERSION = YES;
				CLANG_WARN_OBJC_ROOT_CLASS = YES_ERROR;
				CLANG_WARN_UNREACHABLE_CODE = YES;
				CLANG_WARN__DUPLICATE_METHOD_MATCH = YES;
				"CODE_SIGN_IDENTITY[sdk=iphoneos*]" = "iPhone Developer";
				COPY_PHASE_STRIP = NO;
				DEBUG_INFORMATION_FORMAT = "dwarf-with-dsym";
				ENABLE_NS_ASSERTIONS = NO;
				ENABLE_STRICT_OBJC_MSGSEND = YES;
				GCC_C_LANGUAGE_STANDARD = gnu99;
				GCC_NO_COMMON_BLOCKS = YES;
				GCC_WARN_64_TO_32_BIT_CONVERSION = YES;
				GCC_WARN_ABOUT_RETURN_TYPE = YES_ERROR;
				GCC_WARN_UNDECLARED_SELECTOR = YES;
				GCC_WARN_UNINITIALIZED_AUTOS = YES_AGGRESSIVE;
				GCC_WARN_UNUSED_FUNCTION = YES;
				GCC_WARN_UNUSED_VARIABLE = YES;
				IPHONEOS_DEPLOYMENT_TARGET = 9.3;
				MTL_ENABLE_DEBUG_INFO = NO;
				SDKROOT = iphoneos;
				TARGETED_DEVICE_FAMILY = "1,2";
				VALIDATE_PRODUCT = YES;
			};
			name = Release;
		};
		1CDAEAB31CE07BB70002EE9A /* Debug */ = {
			isa = XCBuildConfiguration;
			buildSettings = {
				ASSETCATALOG_COMPILER_APPICON_NAME = AppIcon;
				INFOPLIST_FILE = RotationDemo/Info.plist;
				LD_RUNPATH_SEARCH_PATHS = "$(inherited) @executable_path/Frameworks";
				PRODUCT_BUNDLE_IDENTIFIER = com.susim.RotationDemo;
				PRODUCT_NAME = "$(TARGET_NAME)";
			};
			name = Debug;
		};
		1CDAEAB41CE07BB70002EE9A /* Release */ = {
			isa = XCBuildConfiguration;
			buildSettings = {
				ASSETCATALOG_COMPILER_APPICON_NAME = AppIcon;
				INFOPLIST_FILE = RotationDemo/Info.plist;
				LD_RUNPATH_SEARCH_PATHS = "$(inherited) @executable_path/Frameworks";
				PRODUCT_BUNDLE_IDENTIFIER = com.susim.RotationDemo;
				PRODUCT_NAME = "$(TARGET_NAME)";
			};
			name = Release;
		};
/* End XCBuildConfiguration section */

/* Begin XCConfigurationList section */
		1CDAEA9B1CE07BB70002EE9A /* Build configuration list for PBXProject "RotationDemo" */ = {
			isa = XCConfigurationList;
			buildConfigurations = (
				1CDAEAB01CE07BB70002EE9A /* Debug */,
				1CDAEAB11CE07BB70002EE9A /* Release */,
			);
			defaultConfigurationIsVisible = 0;
			defaultConfigurationName = Release;
		};
		1CDAEAB21CE07BB70002EE9A /* Build configuration list for PBXNativeTarget "RotationDemo" */ = {
			isa = XCConfigurationList;
			buildConfigurations = (
				1CDAEAB31CE07BB70002EE9A /* Debug */,
				1CDAEAB41CE07BB70002EE9A /* Release */,
			);
			defaultConfigurationIsVisible = 0;
		};
/* End XCConfigurationList section */
	};
	rootObject = 1CDAEA981CE07BB70002EE9A /* Project object */;
}
